
Microsoft Visual Studio Solution File, Format Version 12.00
# Visual Studio Version 16
VisualStudioVersion = 16.0.29102.190
MinimumVisualStudioVersion = 10.0.40219.1
Project("{FAE04EC0-301F-11D3-BF4B-00C04F79EFBC}") = "CountApp", "CountApp\CountApp.csproj", "{239B87A7-586D-4392-83EF-BA79FF4A396A}"
EndProject
Project("{FAE04EC0-301F-11D3-BF4B-00C04F79EFBC}") = "CourseApp.Tests", "CourseApp.Tests\CourseApp.Tests.csproj", "{3F4DE91B-BBFA-4580-A196-88F24AC6B9E1}"
EndProject
Global
	GlobalSection(SolutionConfigurationPlatforms) = preSolution
		Debug|Any CPU = Debug|Any CPU
		Release|Any CPU = Release|Any CPU
	EndGlobalSection
	GlobalSection(ProjectConfigurationPlatforms) = postSolution
		{239B87A7-586D-4392-83EF-BA79FF4A396A}.Debug|Any CPU.ActiveCfg = Debug|Any CPU
		{239B87A7-586D-4392-83EF-BA79FF4A396A}.Debug|Any CPU.Build.0 = Debug|Any CPU
		{239B87A7-586D-4392-83EF-BA79FF4A396A}.Release|Any CPU.ActiveCfg = Release|Any CPU
		{239B87A7-586D-4392-83EF-BA79FF4A396A}.Release|Any CPU.Build.0 = Release|Any CPU
		{3F4DE91B-BBFA-4580-A196-88F24AC6B9E1}.Debug|Any CPU.ActiveCfg = Debug|Any CPU
		{3F4DE91B-BBFA-4580-A196-88F24AC6B9E1}.Debug|Any CPU.Build.0 = Debug|Any CPU
		{3F4DE91B-BBFA-4580-A196-88F24AC6B9E1}.Release|Any CPU.ActiveCfg = Release|Any CPU
		{3F4DE91B-BBFA-4580-A196-88F24AC6B9E1}.Release|Any CPU.Build.0 = Release|Any CPU
	EndGlobalSection
	GlobalSection(SolutionProperties) = preSolution
		HideSolutionNode = FALSE
	EndGlobalSection
	GlobalSection(ExtensibilityGlobals) = postSolution
		SolutionGuid = {69085001-EE0F-4995-AFCF-B2918C4CB7BC}
	EndGlobalSection
EndGlobal
