
Microsoft Visual Studio Solution File, Format Version 12.00
# Visual Studio 15
VisualStudioVersion = 15.0.28307.960
MinimumVisualStudioVersion = 10.0.40219.1
Project("{9A19103F-16F7-4668-BE54-9A1E7A4F7556}") = "oopkrut", "oopkrut/oopkrut.csproj", "{31C5D824-B379-4BB8-8775-4C30BBFA0649}"
EndProject
Project("{9A19103F-16F7-4668-BE54-9A1E7A4F7556}") = "Tests", "Tests\Tests.csproj", "{5E80EB9F-FD0D-4A19-9E70-E7C8E8AE0863}"
EndProject
Global
	GlobalSection(SolutionConfigurationPlatforms) = preSolution
		Debug|Any CPU = Debug|Any CPU
		Release|Any CPU = Release|Any CPU
	EndGlobalSection
	GlobalSection(ProjectConfigurationPlatforms) = postSolution
		{31C5D824-B379-4BB8-8775-4C30BBFA0649}.Debug|Any CPU.ActiveCfg = Debug|Any CPU
		{31C5D824-B379-4BB8-8775-4C30BBFA0649}.Debug|Any CPU.Build.0 = Debug|Any CPU
		{31C5D824-B379-4BB8-8775-4C30BBFA0649}.Release|Any CPU.ActiveCfg = Release|Any CPU
		{31C5D824-B379-4BB8-8775-4C30BBFA0649}.Release|Any CPU.Build.0 = Release|Any CPU
		{5E80EB9F-FD0D-4A19-9E70-E7C8E8AE0863}.Debug|Any CPU.ActiveCfg = Debug|Any CPU
		{5E80EB9F-FD0D-4A19-9E70-E7C8E8AE0863}.Debug|Any CPU.Build.0 = Debug|Any CPU
		{5E80EB9F-FD0D-4A19-9E70-E7C8E8AE0863}.Release|Any CPU.ActiveCfg = Release|Any CPU
		{5E80EB9F-FD0D-4A19-9E70-E7C8E8AE0863}.Release|Any CPU.Build.0 = Release|Any CPU
	EndGlobalSection
	GlobalSection(SolutionProperties) = preSolution
		HideSolutionNode = FALSE
	EndGlobalSection
	GlobalSection(ExtensibilityGlobals) = postSolution
		SolutionGuid = {59ED9C32-0BFF-454C-B70B-5B21A2284F70}
	EndGlobalSection
EndGlobal
