
Microsoft Visual Studio Solution File, Format Version 12.00
# Visual Studio Version 16
VisualStudioVersion = 16.0.29102.190
MinimumVisualStudioVersion = 10.0.40219.1
Project("{9A19103F-16F7-4668-BE54-9A1E7A4F7556}") = "rpg2", "rpg2\rpg2.csproj", "{77E447FA-C415-4BFB-A66F-74633A427895}"
EndProject
Project("{9A19103F-16F7-4668-BE54-9A1E7A4F7556}") = "testrpg2", "testrpg2\testrpg2.csproj", "{343D8A61-E555-40C9-9FBA-286F6ABDC7FD}"
EndProject
Global
	GlobalSection(SolutionConfigurationPlatforms) = preSolution
		Debug|Any CPU = Debug|Any CPU
		Release|Any CPU = Release|Any CPU
	EndGlobalSection
	GlobalSection(ProjectConfigurationPlatforms) = postSolution
		{77E447FA-C415-4BFB-A66F-74633A427895}.Debug|Any CPU.ActiveCfg = Debug|Any CPU
		{77E447FA-C415-4BFB-A66F-74633A427895}.Debug|Any CPU.Build.0 = Debug|Any CPU
		{77E447FA-C415-4BFB-A66F-74633A427895}.Release|Any CPU.ActiveCfg = Release|Any CPU
		{77E447FA-C415-4BFB-A66F-74633A427895}.Release|Any CPU.Build.0 = Release|Any CPU
		{343D8A61-E555-40C9-9FBA-286F6ABDC7FD}.Debug|Any CPU.ActiveCfg = Debug|Any CPU
		{343D8A61-E555-40C9-9FBA-286F6ABDC7FD}.Debug|Any CPU.Build.0 = Debug|Any CPU
		{343D8A61-E555-40C9-9FBA-286F6ABDC7FD}.Release|Any CPU.ActiveCfg = Release|Any CPU
		{343D8A61-E555-40C9-9FBA-286F6ABDC7FD}.Release|Any CPU.Build.0 = Release|Any CPU
	EndGlobalSection
	GlobalSection(SolutionProperties) = preSolution
		HideSolutionNode = FALSE
	EndGlobalSection
	GlobalSection(ExtensibilityGlobals) = postSolution
		SolutionGuid = {792B13C3-B963-45EC-9B99-F369487EAD1D}
	EndGlobalSection
EndGlobal
